// !$*UTF8*$!
{
	archiveVersion = 1;
	classes = {
	};
	objectVersion = 55;
	objects = {

/* Begin PBXBuildFile section */
		2B98681B2935E3A0000CD90F /* AppDelegate.swift in Sources */ = {isa = PBXBuildFile; fileRef = 2B98681A2935E3A0000CD90F /* AppDelegate.swift */; };
		2B98681D2935E3A0000CD90F /* SceneDelegate.swift in Sources */ = {isa = PBXBuildFile; fileRef = 2B98681C2935E3A0000CD90F /* SceneDelegate.swift */; };
		2B98681F2935E3A0000CD90F /* ViewController.swift in Sources */ = {isa = PBXBuildFile; fileRef = 2B98681E2935E3A0000CD90F /* ViewController.swift */; };
		2B9868222935E3A0000CD90F /* Main.storyboard in Resources */ = {isa = PBXBuildFile; fileRef = 2B9868202935E3A0000CD90F /* Main.storyboard */; };
		2B9868252935E3A0000CD90F /* navigationPractice.xcdatamodeld in Sources */ = {isa = PBXBuildFile; fileRef = 2B9868232935E3A0000CD90F /* navigationPractice.xcdatamodeld */; };
		2B9868272935E3A2000CD90F /* Assets.xcassets in Resources */ = {isa = PBXBuildFile; fileRef = 2B9868262935E3A2000CD90F /* Assets.xcassets */; };
		2B98682A2935E3A2000CD90F /* LaunchScreen.storyboard in Resources */ = {isa = PBXBuildFile; fileRef = 2B9868282935E3A2000CD90F /* LaunchScreen.storyboard */; };
		2B9868322935E52F000CD90F /* DetailsViewController.swift in Sources */ = {isa = PBXBuildFile; fileRef = 2B9868312935E52F000CD90F /* DetailsViewController.swift */; };
		2B9868342935E70D000CD90F /* ThirdViewController.swift in Sources */ = {isa = PBXBuildFile; fileRef = 2B9868332935E70D000CD90F /* ThirdViewController.swift */; };
		2B9868382936217F000CD90F /* FourthViewController.swift in Sources */ = {isa = PBXBuildFile; fileRef = 2B9868372936217F000CD90F /* FourthViewController.swift */; };
/* End PBXBuildFile section */

/* Begin PBXFileReference section */
		2B9868172935E3A0000CD90F /* navigationPractice.app */ = {isa = PBXFileReference; explicitFileType = wrapper.application; includeInIndex = 0; path = navigationPractice.app; sourceTree = BUILT_PRODUCTS_DIR; };
		2B98681A2935E3A0000CD90F /* AppDelegate.swift */ = {isa = PBXFileReference; lastKnownFileType = sourcecode.swift; path = AppDelegate.swift; sourceTree = "<group>"; };
		2B98681C2935E3A0000CD90F /* SceneDelegate.swift */ = {isa = PBXFileReference; lastKnownFileType = sourcecode.swift; path = SceneDelegate.swift; sourceTree = "<group>"; };
		2B98681E2935E3A0000CD90F /* ViewController.swift */ = {isa = PBXFileReference; lastKnownFileType = sourcecode.swift; path = ViewController.swift; sourceTree = "<group>"; };
		2B9868212935E3A0000CD90F /* Base */ = {isa = PBXFileReference; lastKnownFileType = file.storyboard; name = Base; path = Base.lproj/Main.storyboard; sourceTree = "<group>"; };
		2B9868242935E3A0000CD90F /* navigationPractice.xcdatamodel */ = {isa = PBXFileReference; lastKnownFileType = wrapper.xcdatamodel; path = navigationPractice.xcdatamodel; sourceTree = "<group>"; };
		2B9868262935E3A2000CD90F /* Assets.xcassets */ = {isa = PBXFileReference; lastKnownFileType = folder.assetcatalog; path = Assets.xcassets; sourceTree = "<group>"; };
		2B9868292935E3A2000CD90F /* Base */ = {isa = PBXFileReference; lastKnownFileType = file.storyboard; name = Base; path = Base.lproj/LaunchScreen.storyboard; sourceTree = "<group>"; };
		2B98682B2935E3A2000CD90F /* Info.plist */ = {isa = PBXFileReference; lastKnownFileType = text.plist.xml; path = Info.plist; sourceTree = "<group>"; };
		2B9868312935E52F000CD90F /* DetailsViewController.swift */ = {isa = PBXFileReference; lastKnownFileType = sourcecode.swift; path = DetailsViewController.swift; sourceTree = "<group>"; };
		2B9868332935E70D000CD90F /* ThirdViewController.swift */ = {isa = PBXFileReference; lastKnownFileType = sourcecode.swift; path = ThirdViewController.swift; sourceTree = "<group>"; };
		2B9868372936217F000CD90F /* FourthViewController.swift */ = {isa = PBXFileReference; lastKnownFileType = sourcecode.swift; path = FourthViewController.swift; sourceTree = "<group>"; };
/* End PBXFileReference section */

/* Begin PBXFrameworksBuildPhase section */
		2B9868142935E3A0000CD90F /* Frameworks */ = {
			isa = PBXFrameworksBuildPhase;
			buildActionMask = 2147483647;
			files = (
			);
			runOnlyForDeploymentPostprocessing = 0;
		};
/* End PBXFrameworksBuildPhase section */

/* Begin PBXGroup section */
		2B98680E2935E3A0000CD90F = {
			isa = PBXGroup;
			children = (
				2B9868192935E3A0000CD90F /* navigationPractice */,
				2B9868182935E3A0000CD90F /* Products */,
			);
			sourceTree = "<group>";
		};
		2B9868182935E3A0000CD90F /* Products */ = {
			isa = PBXGroup;
			children = (
				2B9868172935E3A0000CD90F /* navigationPractice.app */,
			);
			name = Products;
			sourceTree = "<group>";
		};
		2B9868192935E3A0000CD90F /* navigationPractice */ = {
			isa = PBXGroup;
			children = (
				2B98681A2935E3A0000CD90F /* AppDelegate.swift */,
				2B98681C2935E3A0000CD90F /* SceneDelegate.swift */,
				2B98681E2935E3A0000CD90F /* ViewController.swift */,
				2B9868312935E52F000CD90F /* DetailsViewController.swift */,
				2B9868332935E70D000CD90F /* ThirdViewController.swift */,
				2B9868372936217F000CD90F /* FourthViewController.swift */,
				2B9868202935E3A0000CD90F /* Main.storyboard */,
				2B9868262935E3A2000CD90F /* Assets.xcassets */,
				2B9868282935E3A2000CD90F /* LaunchScreen.storyboard */,
				2B98682B2935E3A2000CD90F /* Info.plist */,
				2B9868232935E3A0000CD90F /* navigationPractice.xcdatamodeld */,
			);
			path = navigationPractice;
			sourceTree = "<group>";
		};
/* End PBXGroup section */

/* Begin PBXNativeTarget section */
		2B9868162935E3A0000CD90F /* navigationPractice */ = {
			isa = PBXNativeTarget;
			buildConfigurationList = 2B98682E2935E3A2000CD90F /* Build configuration list for PBXNativeTarget "navigationPractice" */;
			buildPhases = (
				2B9868132935E3A0000CD90F /* Sources */,
				2B9868142935E3A0000CD90F /* Frameworks */,
				2B9868152935E3A0000CD90F /* Resources */,
			);
			buildRules = (
			);
			dependencies = (
			);
			name = navigationPractice;
			productName = navigationPractice;
			productReference = 2B9868172935E3A0000CD90F /* navigationPractice.app */;
			productType = "com.apple.product-type.application";
		};
/* End PBXNativeTarget section */

/* Begin PBXProject section */
		2B98680F2935E3A0000CD90F /* Project object */ = {
			isa = PBXProject;
			attributes = {
				BuildIndependentTargetsInParallel = 1;
				LastSwiftUpdateCheck = 1330;
				LastUpgradeCheck = 1330;
				TargetAttributes = {
					2B9868162935E3A0000CD90F = {
						CreatedOnToolsVersion = 13.3.1;
					};
				};
			};
			buildConfigurationList = 2B9868122935E3A0000CD90F /* Build configuration list for PBXProject "navigationPractice" */;
			compatibilityVersion = "Xcode 13.0";
			developmentRegion = en;
			hasScannedForEncodings = 0;
			knownRegions = (
				en,
				Base,
			);
			mainGroup = 2B98680E2935E3A0000CD90F;
			productRefGroup = 2B9868182935E3A0000CD90F /* Products */;
			projectDirPath = "";
			projectRoot = "";
			targets = (
				2B9868162935E3A0000CD90F /* navigationPractice */,
			);
		};
/* End PBXProject section */

/* Begin PBXResourcesBuildPhase section */
		2B9868152935E3A0000CD90F /* Resources */ = {
			isa = PBXResourcesBuildPhase;
			buildActionMask = 2147483647;
			files = (
				2B98682A2935E3A2000CD90F /* LaunchScreen.storyboard in Resources */,
				2B9868272935E3A2000CD90F /* Assets.xcassets in Resources */,
				2B9868222935E3A0000CD90F /* Main.storyboard in Resources */,
			);
			runOnlyForDeploymentPostprocessing = 0;
		};
/* End PBXResourcesBuildPhase section */

/* Begin PBXSourcesBuildPhase section */
		2B9868132935E3A0000CD90F /* Sources */ = {
			isa = PBXSourcesBuildPhase;
			buildActionMask = 2147483647;
			files = (
				2B98681F2935E3A0000CD90F /* ViewController.swift in Sources */,
				2B98681B2935E3A0000CD90F /* AppDelegate.swift in Sources */,
				2B9868252935E3A0000CD90F /* navigationPractice.xcdatamodeld in Sources */,
				2B9868382936217F000CD90F /* FourthViewController.swift in Sources */,
				2B98681D2935E3A0000CD90F /* SceneDelegate.swift in Sources */,
				2B9868342935E70D000CD90F /* ThirdViewController.swift in Sources */,
				2B9868322935E52F000CD90F /* DetailsViewController.swift in Sources */,
			);
			runOnlyForDeploymentPostprocessing = 0;
		};
/* End PBXSourcesBuildPhase section */

/* Begin PBXVariantGroup section */
		2B9868202935E3A0000CD90F /* Main.storyboard */ = {
			isa = PBXVariantGroup;
			children = (
				2B9868212935E3A0000CD90F /* Base */,
			);
			name = Main.storyboard;
			sourceTree = "<group>";
		};
		2B9868282935E3A2000CD90F /* LaunchScreen.storyboard */ = {
			isa = PBXVariantGroup;
			children = (
				2B9868292935E3A2000CD90F /* Base */,
			);
			name = LaunchScreen.storyboard;
			sourceTree = "<group>";
		};
/* End PBXVariantGroup section */

/* Begin XCBuildConfiguration section */
		2B98682C2935E3A2000CD90F /* Debug */ = {
			isa = XCBuildConfiguration;
			buildSettings = {
				ALWAYS_SEARCH_USER_PATHS = NO;
				CLANG_ANALYZER_NONNULL = YES;
				CLANG_ANALYZER_NUMBER_OBJECT_CONVERSION = YES_AGGRESSIVE;
				CLANG_CXX_LANGUAGE_STANDARD = "gnu++17";
				CLANG_ENABLE_MODULES = YES;
				CLANG_ENABLE_OBJC_ARC = YES;
				CLANG_ENABLE_OBJC_WEAK = YES;
				CLANG_WARN_BLOCK_CAPTURE_AUTORELEASING = YES;
				CLANG_WARN_BOOL_CONVERSION = YES;
				CLANG_WARN_COMMA = YES;
				CLANG_WARN_CONSTANT_CONVERSION = YES;
				CLANG_WARN_DEPRECATED_OBJC_IMPLEMENTATIONS = YES;
				CLANG_WARN_DIRECT_OBJC_ISA_USAGE = YES_ERROR;
				CLANG_WARN_DOCUMENTATION_COMMENTS = YES;
				CLANG_WARN_EMPTY_BODY = YES;
				CLANG_WARN_ENUM_CONVERSION = YES;
				CLANG_WARN_INFINITE_RECURSION = YES;
				CLANG_WARN_INT_CONVERSION = YES;
				CLANG_WARN_NON_LITERAL_NULL_CONVERSION = YES;
				CLANG_WARN_OBJC_IMPLICIT_RETAIN_SELF = YES;
				CLANG_WARN_OBJC_LITERAL_CONVERSION = YES;
				CLANG_WARN_OBJC_ROOT_CLASS = YES_ERROR;
				CLANG_WARN_QUOTED_INCLUDE_IN_FRAMEWORK_HEADER = YES;
				CLANG_WARN_RANGE_LOOP_ANALYSIS = YES;
				CLANG_WARN_STRICT_PROTOTYPES = YES;
				CLANG_WARN_SUSPICIOUS_MOVE = YES;
				CLANG_WARN_UNGUARDED_AVAILABILITY = YES_AGGRESSIVE;
				CLANG_WARN_UNREACHABLE_CODE = YES;
				CLANG_WARN__DUPLICATE_METHOD_MATCH = YES;
				COPY_PHASE_STRIP = NO;
				DEBUG_INFORMATION_FORMAT = dwarf;
				ENABLE_STRICT_OBJC_MSGSEND = YES;
				ENABLE_TESTABILITY = YES;
				GCC_C_LANGUAGE_STANDARD = gnu11;
				GCC_DYNAMIC_NO_PIC = NO;
				GCC_NO_COMMON_BLOCKS = YES;
				GCC_OPTIMIZATION_LEVEL = 0;
				GCC_PREPROCESSOR_DEFINITIONS = (
					"DEBUG=1",
					"$(inherited)",
				);
				GCC_WARN_64_TO_32_BIT_CONVERSION = YES;
				GCC_WARN_ABOUT_RETURN_TYPE = YES_ERROR;
				GCC_WARN_UNDECLARED_SELECTOR = YES;
				GCC_WARN_UNINITIALIZED_AUTOS = YES_AGGRESSIVE;
				GCC_WARN_UNUSED_FUNCTION = YES;
				GCC_WARN_UNUSED_VARIABLE = YES;
				IPHONEOS_DEPLOYMENT_TARGET = 15.4;
				MTL_ENABLE_DEBUG_INFO = INCLUDE_SOURCE;
				MTL_FAST_MATH = YES;
				ONLY_ACTIVE_ARCH = YES;
				SDKROOT = iphoneos;
				SWIFT_ACTIVE_COMPILATION_CONDITIONS = DEBUG;
				SWIFT_OPTIMIZATION_LEVEL = "-Onone";
			};
			name = Debug;
		};
		2B98682D2935E3A2000CD90F /* Release */ = {
			isa = XCBuildConfiguration;
			buildSettings = {
				ALWAYS_SEARCH_USER_PATHS = NO;
				CLANG_ANALYZER_NONNULL = YES;
				CLANG_ANALYZER_NUMBER_OBJECT_CONVERSION = YES_AGGRESSIVE;
				CLANG_CXX_LANGUAGE_STANDARD = "gnu++17";
				CLANG_ENABLE_MODULES = YES;
				CLANG_ENABLE_OBJC_ARC = YES;
				CLANG_ENABLE_OBJC_WEAK = YES;
				CLANG_WARN_BLOCK_CAPTURE_AUTORELEASING = YES;
				CLANG_WARN_BOOL_CONVERSION = YES;
				CLANG_WARN_COMMA = YES;
				CLANG_WARN_CONSTANT_CONVERSION = YES;
				CLANG_WARN_DEPRECATED_OBJC_IMPLEMENTATIONS = YES;
				CLANG_WARN_DIRECT_OBJC_ISA_USAGE = YES_ERROR;
				CLANG_WARN_DOCUMENTATION_COMMENTS = YES;
				CLANG_WARN_EMPTY_BODY = YES;
				CLANG_WARN_ENUM_CONVERSION = YES;
				CLANG_WARN_INFINITE_RECURSION = YES;
				CLANG_WARN_INT_CONVERSION = YES;
				CLANG_WARN_NON_LITERAL_NULL_CONVERSION = YES;
				CLANG_WARN_OBJC_IMPLICIT_RETAIN_SELF = YES;
				CLANG_WARN_OBJC_LITERAL_CONVERSION = YES;
				CLANG_WARN_OBJC_ROOT_CLASS = YES_ERROR;
				CLANG_WARN_QUOTED_INCLUDE_IN_FRAMEWORK_HEADER = YES;
				CLANG_WARN_RANGE_LOOP_ANALYSIS = YES;
				CLANG_WARN_STRICT_PROTOTYPES = YES;
				CLANG_WARN_SUSPICIOUS_MOVE = YES;
				CLANG_WARN_UNGUARDED_AVAILABILITY = YES_AGGRESSIVE;
				CLANG_WARN_UNREACHABLE_CODE = YES;
				CLANG_WARN__DUPLICATE_METHOD_MATCH = YES;
				COPY_PHASE_STRIP = NO;
				DEBUG_INFORMATION_FORMAT = "dwarf-with-dsym";
				ENABLE_NS_ASSERTIONS = NO;
				ENABLE_STRICT_OBJC_MSGSEND = YES;
				GCC_C_LANGUAGE_STANDARD = gnu11;
				GCC_NO_COMMON_BLOCKS = YES;
				GCC_WARN_64_TO_32_BIT_CONVERSION = YES;
				GCC_WARN_ABOUT_RETURN_TYPE = YES_ERROR;
				GCC_WARN_UNDECLARED_SELECTOR = YES;
				GCC_WARN_UNINITIALIZED_AUTOS = YES_AGGRESSIVE;
				GCC_WARN_UNUSED_FUNCTION = YES;
				GCC_WARN_UNUSED_VARIABLE = YES;
				IPHONEOS_DEPLOYMENT_TARGET = 15.4;
				MTL_ENABLE_DEBUG_INFO = NO;
				MTL_FAST_MATH = YES;
				SDKROOT = iphoneos;
				SWIFT_COMPILATION_MODE = wholemodule;
				SWIFT_OPTIMIZATION_LEVEL = "-O";
				VALIDATE_PRODUCT = YES;
			};
			name = Release;
		};
		2B98682F2935E3A2000CD90F /* Debug */ = {
			isa = XCBuildConfiguration;
			buildSettings = {
				ASSETCATALOG_COMPILER_APPICON_NAME = AppIcon;
				ASSETCATALOG_COMPILER_GLOBAL_ACCENT_COLOR_NAME = AccentColor;
				CODE_SIGN_STYLE = Automatic;
				CURRENT_PROJECT_VERSION = 1;
				GENERATE_INFOPLIST_FILE = YES;
				INFOPLIST_FILE = navigationPractice/Info.plist;
				INFOPLIST_KEY_UIApplicationSupportsIndirectInputEvents = YES;
				INFOPLIST_KEY_UILaunchStoryboardName = LaunchScreen;
				INFOPLIST_KEY_UIMainStoryboardFile = Main;
				INFOPLIST_KEY_UISupportedInterfaceOrientations_iPad = "UIInterfaceOrientationPortrait UIInterfaceOrientationPortraitUpsideDown UIInterfaceOrientationLandscapeLeft UIInterfaceOrientationLandscapeRight";
				INFOPLIST_KEY_UISupportedInterfaceOrientations_iPhone = "UIInterfaceOrientationPortrait UIInterfaceOrientationLandscapeLeft UIInterfaceOrientationLandscapeRight";
				LD_RUNPATH_SEARCH_PATHS = (
					"$(inherited)",
					"@executable_path/Frameworks",
				);
				MARKETING_VERSION = 1.0;
				PRODUCT_BUNDLE_IDENTIFIER = com.faizan.navigationPractice;
				PRODUCT_NAME = "$(TARGET_NAME)";
				SWIFT_EMIT_LOC_STRINGS = YES;
				SWIFT_VERSION = 5.0;
				TARGETED_DEVICE_FAMILY = "1,2";
			};
			name = Debug;
		};
		2B9868302935E3A2000CD90F /* Release */ = {
			isa = XCBuildConfiguration;
			buildSettings = {
				ASSETCATALOG_COMPILER_APPICON_NAME = AppIcon;
				ASSETCATALOG_COMPILER_GLOBAL_ACCENT_COLOR_NAME = AccentColor;
				CODE_SIGN_STYLE = Automatic;
				CURRENT_PROJECT_VERSION = 1;
				GENERATE_INFOPLIST_FILE = YES;
				INFOPLIST_FILE = navigationPractice/Info.plist;
				INFOPLIST_KEY_UIApplicationSupportsIndirectInputEvents = YES;
				INFOPLIST_KEY_UILaunchStoryboardName = LaunchScreen;
				INFOPLIST_KEY_UIMainStoryboardFile = Main;
				INFOPLIST_KEY_UISupportedInterfaceOrientations_iPad = "UIInterfaceOrientationPortrait UIInterfaceOrientationPortraitUpsideDown UIInterfaceOrientationLandscapeLeft UIInterfaceOrientationLandscapeRight";
				INFOPLIST_KEY_UISupportedInterfaceOrientations_iPhone = "UIInterfaceOrientationPortrait UIInterfaceOrientationLandscapeLeft UIInterfaceOrientationLandscapeRight";
				LD_RUNPATH_SEARCH_PATHS = (
					"$(inherited)",
					"@executable_path/Frameworks",
				);
				MARKETING_VERSION = 1.0;
				PRODUCT_BUNDLE_IDENTIFIER = com.faizan.navigationPractice;
				PRODUCT_NAME = "$(TARGET_NAME)";
				SWIFT_EMIT_LOC_STRINGS = YES;
				SWIFT_VERSION = 5.0;
				TARGETED_DEVICE_FAMILY = "1,2";
			};
			name = Release;
		};
/* End XCBuildConfiguration section */

/* Begin XCConfigurationList section */
		2B9868122935E3A0000CD90F /* Build configuration list for PBXProject "navigationPractice" */ = {
			isa = XCConfigurationList;
			buildConfigurations = (
				2B98682C2935E3A2000CD90F /* Debug */,
				2B98682D2935E3A2000CD90F /* Release */,
			);
			defaultConfigurationIsVisible = 0;
			defaultConfigurationName = Release;
		};
		2B98682E2935E3A2000CD90F /* Build configuration list for PBXNativeTarget "navigationPractice" */ = {
			isa = XCConfigurationList;
			buildConfigurations = (
				2B98682F2935E3A2000CD90F /* Debug */,
				2B9868302935E3A2000CD90F /* Release */,
			);
			defaultConfigurationIsVisible = 0;
			defaultConfigurationName = Release;
		};
/* End XCConfigurationList section */

/* Begin XCVersionGroup section */
		2B9868232935E3A0000CD90F /* navigationPractice.xcdatamodeld */ = {
			isa = XCVersionGroup;
			children = (
				2B9868242935E3A0000CD90F /* navigationPractice.xcdatamodel */,
			);
			currentVersion = 2B9868242935E3A0000CD90F /* navigationPractice.xcdatamodel */;
			path = navigationPractice.xcdatamodeld;
			sourceTree = "<group>";
			versionGroupType = wrapper.xcdatamodel;
		};
/* End XCVersionGroup section */
	};
	rootObject = 2B98680F2935E3A0000CD90F /* Project object */;
}
